
Microsoft Visual Studio Solution File, Format Version 12.00
# Visual Studio Version 16
VisualStudioVersion = 16.0.30717.126
MinimumVisualStudioVersion = 10.0.40219.1
Project("{FAE04EC0-301F-11D3-BF4B-00C04F79EFBC}") = "ArpilabeApp", "ArpilabeApp\ArpilabeApp.csproj", "{C7530B05-295D-41A7-B3FB-5DB81629E07E}"
EndProject
Global
	GlobalSection(SolutionConfigurationPlatforms) = preSolution
		Debug|Any CPU = Debug|Any CPU
		Release|Any CPU = Release|Any CPU
	EndGlobalSection
	GlobalSection(ProjectConfigurationPlatforms) = postSolution
		{C7530B05-295D-41A7-B3FB-5DB81629E07E}.Debug|Any CPU.ActiveCfg = Debug|Any CPU
		{C7530B05-295D-41A7-B3FB-5DB81629E07E}.Debug|Any CPU.Build.0 = Debug|Any CPU
		{C7530B05-295D-41A7-B3FB-5DB81629E07E}.Release|Any CPU.ActiveCfg = Release|Any CPU
		{C7530B05-295D-41A7-B3FB-5DB81629E07E}.Release|Any CPU.Build.0 = Release|Any CPU
	EndGlobalSection
	GlobalSection(SolutionProperties) = preSolution
		HideSolutionNode = FALSE
	EndGlobalSection
	GlobalSection(ExtensibilityGlobals) = postSolution
		SolutionGuid = {CEF6D327-223F-46A1-95FB-302F167A3B7E}
	EndGlobalSection
EndGlobal
